
Microsoft Visual Studio Solution File, Format Version 12.00
# Visual Studio 14
VisualStudioVersion = 14.0.23107.0
MinimumVisualStudioVersion = 10.0.40219.1
Project("{FAE04EC0-301F-11D3-BF4B-00C04F79EFBC}") = "Bullets.ConsoleSimulation", "Bullets.ConsoleSimulation\Bullets.ConsoleSimulation.csproj", "{C36BF40D-BFEB-445B-A8CB-36AE9C268AE1}"
EndProject
Project("{FAE04EC0-301F-11D3-BF4B-00C04F79EFBC}") = "Bullets.Logic", "Bullets.Logic\Bullets.Logic.csproj", "{555EE6B0-8A12-47A6-A13A-94DE5E64464F}"
EndProject
Project("{FAE04EC0-301F-11D3-BF4B-00C04F79EFBC}") = "Bullets.AIs", "Bullets.AIs\Bullets.AIs.csproj", "{DFC234CA-0F90-40D7-8C68-73DAB4FFB239}"
EndProject
Project("{FAE04EC0-301F-11D3-BF4B-00C04F79EFBC}") = "TestingConsole", "TestingConsole\TestingConsole.csproj", "{7C7A787E-F207-412C-8517-B4BC804503E4}"
EndProject
Global
	GlobalSection(SolutionConfigurationPlatforms) = preSolution
		Debug|Any CPU = Debug|Any CPU
		Release|Any CPU = Release|Any CPU
	EndGlobalSection
	GlobalSection(ProjectConfigurationPlatforms) = postSolution
		{C36BF40D-BFEB-445B-A8CB-36AE9C268AE1}.Debug|Any CPU.ActiveCfg = Debug|Any CPU
		{C36BF40D-BFEB-445B-A8CB-36AE9C268AE1}.Debug|Any CPU.Build.0 = Debug|Any CPU
		{C36BF40D-BFEB-445B-A8CB-36AE9C268AE1}.Release|Any CPU.ActiveCfg = Release|Any CPU
		{C36BF40D-BFEB-445B-A8CB-36AE9C268AE1}.Release|Any CPU.Build.0 = Release|Any CPU
		{555EE6B0-8A12-47A6-A13A-94DE5E64464F}.Debug|Any CPU.ActiveCfg = Debug|Any CPU
		{555EE6B0-8A12-47A6-A13A-94DE5E64464F}.Debug|Any CPU.Build.0 = Debug|Any CPU
		{555EE6B0-8A12-47A6-A13A-94DE5E64464F}.Release|Any CPU.ActiveCfg = Release|Any CPU
		{555EE6B0-8A12-47A6-A13A-94DE5E64464F}.Release|Any CPU.Build.0 = Release|Any CPU
		{DFC234CA-0F90-40D7-8C68-73DAB4FFB239}.Debug|Any CPU.ActiveCfg = Debug|Any CPU
		{DFC234CA-0F90-40D7-8C68-73DAB4FFB239}.Debug|Any CPU.Build.0 = Debug|Any CPU
		{DFC234CA-0F90-40D7-8C68-73DAB4FFB239}.Release|Any CPU.ActiveCfg = Release|Any CPU
		{DFC234CA-0F90-40D7-8C68-73DAB4FFB239}.Release|Any CPU.Build.0 = Release|Any CPU
		{7C7A787E-F207-412C-8517-B4BC804503E4}.Debug|Any CPU.ActiveCfg = Debug|Any CPU
		{7C7A787E-F207-412C-8517-B4BC804503E4}.Debug|Any CPU.Build.0 = Debug|Any CPU
		{7C7A787E-F207-412C-8517-B4BC804503E4}.Release|Any CPU.ActiveCfg = Release|Any CPU
		{7C7A787E-F207-412C-8517-B4BC804503E4}.Release|Any CPU.Build.0 = Release|Any CPU
	EndGlobalSection
	GlobalSection(SolutionProperties) = preSolution
		HideSolutionNode = FALSE
	EndGlobalSection
EndGlobal
